
Microsoft Visual Studio Solution File, Format Version 12.00
Project("{FAE04EC0-301F-11D3-BF4B-00C04F79EFBC}") = "Antra_C_Sharp", "Antra_C_Sharp\Antra_C_Sharp.csproj", "{A3EE4F12-DA86-4ED0-B42A-F02B48F9D121}"
EndProject
Project("{FAE04EC0-301F-11D3-BF4B-00C04F79EFBC}") = "AntraCSHW1", "AntraCSHW1\AntraCSHW1.csproj", "{9448D142-E084-40F9-A60D-1EF36846444B}"
EndProject
Project("{FAE04EC0-301F-11D3-BF4B-00C04F79EFBC}") = "AntraDay2", "AntraDay2\AntraDay2.csproj", "{A1A85166-0A6E-4095-A977-316B5F82091D}"
EndProject
Project("{FAE04EC0-301F-11D3-BF4B-00C04F79EFBC}") = "AbtraCSHW2", "AbtraCSHW2\AbtraCSHW2.csproj", "{6189622B-751B-477B-B307-1715536FB054}"
EndProject
Project("{FAE04EC0-301F-11D3-BF4B-00C04F79EFBC}") = "AntraDay3", "AntraDay3\AntraDay3.csproj", "{5493A1E7-D99B-44A3-8656-7D42C8AE65DB}"
EndProject
Project("{FAE04EC0-301F-11D3-BF4B-00C04F79EFBC}") = "AntraCSHW3", "AntraCSHW3\AntraCSHW3.csproj", "{8F24A352-450D-4D11-B6FC-A15557B43277}"
EndProject
Project("{FAE04EC0-301F-11D3-BF4B-00C04F79EFBC}") = "AntraDay4", "AntraDay4\AntraDay4.csproj", "{D349F6CF-AED2-47B7-B47F-6A06A0261C83}"
EndProject
Project("{FAE04EC0-301F-11D3-BF4B-00C04F79EFBC}") = "AntraDay5", "AntraDay5\AntraDay5.csproj", "{D1761218-06ED-400C-A0E3-8299CC6FB08D}"
EndProject
Global
	GlobalSection(SolutionConfigurationPlatforms) = preSolution
		Debug|Any CPU = Debug|Any CPU
		Release|Any CPU = Release|Any CPU
	EndGlobalSection
	GlobalSection(ProjectConfigurationPlatforms) = postSolution
		{A3EE4F12-DA86-4ED0-B42A-F02B48F9D121}.Debug|Any CPU.ActiveCfg = Debug|Any CPU
		{A3EE4F12-DA86-4ED0-B42A-F02B48F9D121}.Debug|Any CPU.Build.0 = Debug|Any CPU
		{A3EE4F12-DA86-4ED0-B42A-F02B48F9D121}.Release|Any CPU.ActiveCfg = Release|Any CPU
		{A3EE4F12-DA86-4ED0-B42A-F02B48F9D121}.Release|Any CPU.Build.0 = Release|Any CPU
		{9448D142-E084-40F9-A60D-1EF36846444B}.Debug|Any CPU.ActiveCfg = Debug|Any CPU
		{9448D142-E084-40F9-A60D-1EF36846444B}.Debug|Any CPU.Build.0 = Debug|Any CPU
		{9448D142-E084-40F9-A60D-1EF36846444B}.Release|Any CPU.ActiveCfg = Release|Any CPU
		{9448D142-E084-40F9-A60D-1EF36846444B}.Release|Any CPU.Build.0 = Release|Any CPU
		{A1A85166-0A6E-4095-A977-316B5F82091D}.Debug|Any CPU.ActiveCfg = Debug|Any CPU
		{A1A85166-0A6E-4095-A977-316B5F82091D}.Debug|Any CPU.Build.0 = Debug|Any CPU
		{A1A85166-0A6E-4095-A977-316B5F82091D}.Release|Any CPU.ActiveCfg = Release|Any CPU
		{A1A85166-0A6E-4095-A977-316B5F82091D}.Release|Any CPU.Build.0 = Release|Any CPU
		{6189622B-751B-477B-B307-1715536FB054}.Debug|Any CPU.ActiveCfg = Debug|Any CPU
		{6189622B-751B-477B-B307-1715536FB054}.Debug|Any CPU.Build.0 = Debug|Any CPU
		{6189622B-751B-477B-B307-1715536FB054}.Release|Any CPU.ActiveCfg = Release|Any CPU
		{6189622B-751B-477B-B307-1715536FB054}.Release|Any CPU.Build.0 = Release|Any CPU
		{5493A1E7-D99B-44A3-8656-7D42C8AE65DB}.Debug|Any CPU.ActiveCfg = Debug|Any CPU
		{5493A1E7-D99B-44A3-8656-7D42C8AE65DB}.Debug|Any CPU.Build.0 = Debug|Any CPU
		{5493A1E7-D99B-44A3-8656-7D42C8AE65DB}.Release|Any CPU.ActiveCfg = Release|Any CPU
		{5493A1E7-D99B-44A3-8656-7D42C8AE65DB}.Release|Any CPU.Build.0 = Release|Any CPU
		{8F24A352-450D-4D11-B6FC-A15557B43277}.Debug|Any CPU.ActiveCfg = Debug|Any CPU
		{8F24A352-450D-4D11-B6FC-A15557B43277}.Debug|Any CPU.Build.0 = Debug|Any CPU
		{8F24A352-450D-4D11-B6FC-A15557B43277}.Release|Any CPU.ActiveCfg = Release|Any CPU
		{8F24A352-450D-4D11-B6FC-A15557B43277}.Release|Any CPU.Build.0 = Release|Any CPU
		{D349F6CF-AED2-47B7-B47F-6A06A0261C83}.Debug|Any CPU.ActiveCfg = Debug|Any CPU
		{D349F6CF-AED2-47B7-B47F-6A06A0261C83}.Debug|Any CPU.Build.0 = Debug|Any CPU
		{D349F6CF-AED2-47B7-B47F-6A06A0261C83}.Release|Any CPU.ActiveCfg = Release|Any CPU
		{D349F6CF-AED2-47B7-B47F-6A06A0261C83}.Release|Any CPU.Build.0 = Release|Any CPU
		{D1761218-06ED-400C-A0E3-8299CC6FB08D}.Debug|Any CPU.ActiveCfg = Debug|Any CPU
		{D1761218-06ED-400C-A0E3-8299CC6FB08D}.Debug|Any CPU.Build.0 = Debug|Any CPU
		{D1761218-06ED-400C-A0E3-8299CC6FB08D}.Release|Any CPU.ActiveCfg = Release|Any CPU
		{D1761218-06ED-400C-A0E3-8299CC6FB08D}.Release|Any CPU.Build.0 = Release|Any CPU
	EndGlobalSection
EndGlobal
